schema: '2.0'
stages:
  clean:
    cmd: python src/clean.py data/raw/prix_cacao_fao_2015_2024.csv 
      data/clean/prix_cacao_clean.csv metrics/clean_metrics.json
    deps:
    - path: data/raw/prix_cacao_fao_2015_2024.csv
      hash: md5
      md5: a0a98b7b0ea339216c06142e724e44e3
      size: 44658
    - path: src/clean.py
      hash: md5
      md5: 6811ab21f989a505a95e2bf9ae1ee0d8
      size: 972
    outs:
    - path: data/clean/prix_cacao_clean.csv
      hash: md5
      md5: 45b03f0e4faa7f6a64d62f9b42de1db0
      size: 43846
    - path: metrics/clean_metrics.json
      hash: md5
      md5: f64aeea479ecf310e447cf495072b8d2
      size: 60
  validate:
    cmd: python src/validate.py data/clean/prix_cacao_clean.csv
    deps:
    - path: data/clean/prix_cacao_clean.csv
      hash: md5
      md5: 45b03f0e4faa7f6a64d62f9b42de1db0
      size: 43846
    - path: src/validate.py
      hash: md5
      md5: 4af94670cfd398200b99c82fbc21ff90
      size: 2518
  features:
    cmd: python src/features.py data/clean/prix_cacao_clean.csv 
      data/features/features_all.csv
    deps:
    - path: data/clean/prix_cacao_clean.csv
      hash: md5
      md5: 45b03f0e4faa7f6a64d62f9b42de1db0
      size: 43846
    - path: src/features.py
      hash: md5
      md5: 9f8c6f0f835853e197a79cba850dcb0e
      size: 1082
    outs:
    - path: data/features/features_all.csv
      hash: md5
      md5: 52b5525993a928a8744384c47005e563
      size: 78620
  split:
    cmd: python src/split.py data/features/features_all.csv 
      data/features/train.csv data/features/test.csv
    deps:
    - path: data/features/features_all.csv
      hash: md5
      md5: 52b5525993a928a8744384c47005e563
      size: 78620
    - path: src/split.py
      hash: md5
      md5: c0b6a93c41a32fdf62824cb80395d832
      size: 716
    outs:
    - path: data/features/test.csv
      hash: md5
      md5: 9dc8abbde9a5a2b0b5852301991a5675
      size: 15836
    - path: data/features/train.csv
      hash: md5
      md5: c4410c63c7dc9412d7857aafa75a0210
      size: 62033
